{
    "_meta": {
        "hash": {
            "sha256": "082458469cdd8e8ae8ffeceb530e13de2d99a6c6a7df31aecc3ffc03ed57fbcb"
        },
        "pipfile-spec": 6,
        "requires": {
            "python_version": "3.10"
        },
        "sources": [
            {
                "name": "pypi",
                "url": "https://pypi.org/simple",
                "verify_ssl": true
            }
        ]
    },
    "default": {
        "django-material-admin": {
            "hashes": [
                "sha256:2de97e804a55d478d1776d2fe011970087c6756b5998e528b673fbb6e1f8e5c4",
                "sha256:cbd44161c6e8bed8e4fe80a68f90971d22c8a1bc7e731360bec08e6f950917f9"
            ],
            "index": "pypi",
            "version": "==1.8.6"
        }
    },
    "develop": {}
}
